
Microsoft Visual Studio Solution File, Format Version 12.00
# Visual Studio Version 17
VisualStudioVersion = 17.10.35004.147
MinimumVisualStudioVersion = 10.0.40219.1
Project("{9A19103F-16F7-4668-BE54-9A1E7A4F7556}") = "MuaSamThoiTrang.Module", "MuaSamThoiTrang.Module\MuaSamThoiTrang.Module.csproj", "{91CF6F9B-BA76-4A71-ACF6-6424FAAF94BF}"
EndProject
Project("{9A19103F-16F7-4668-BE54-9A1E7A4F7556}") = "MuaSamThoiTrang.Blazor.Server", "MuaSamThoiTrang.Blazor.Server\MuaSamThoiTrang.Blazor.Server.csproj", "{A095111A-615A-4197-8E65-B52298EA8764}"
EndProject
Global
	GlobalSection(SolutionConfigurationPlatforms) = preSolution
		Debug|Any CPU = Debug|Any CPU
		EasyTest|Any CPU = EasyTest|Any CPU
		Release|Any CPU = Release|Any CPU
	EndGlobalSection
	GlobalSection(ProjectConfigurationPlatforms) = postSolution
		{91CF6F9B-BA76-4A71-ACF6-6424FAAF94BF}.Debug|Any CPU.ActiveCfg = Debug|Any CPU
		{91CF6F9B-BA76-4A71-ACF6-6424FAAF94BF}.Debug|Any CPU.Build.0 = Debug|Any CPU
		{91CF6F9B-BA76-4A71-ACF6-6424FAAF94BF}.EasyTest|Any CPU.ActiveCfg = EasyTest|Any CPU
		{91CF6F9B-BA76-4A71-ACF6-6424FAAF94BF}.EasyTest|Any CPU.Build.0 = EasyTest|Any CPU
		{91CF6F9B-BA76-4A71-ACF6-6424FAAF94BF}.Release|Any CPU.ActiveCfg = Release|Any CPU
		{91CF6F9B-BA76-4A71-ACF6-6424FAAF94BF}.Release|Any CPU.Build.0 = Release|Any CPU
		{A095111A-615A-4197-8E65-B52298EA8764}.Debug|Any CPU.ActiveCfg = Debug|Any CPU
		{A095111A-615A-4197-8E65-B52298EA8764}.Debug|Any CPU.Build.0 = Debug|Any CPU
		{A095111A-615A-4197-8E65-B52298EA8764}.EasyTest|Any CPU.ActiveCfg = EasyTest|Any CPU
		{A095111A-615A-4197-8E65-B52298EA8764}.EasyTest|Any CPU.Build.0 = EasyTest|Any CPU
		{A095111A-615A-4197-8E65-B52298EA8764}.Release|Any CPU.ActiveCfg = Release|Any CPU
		{A095111A-615A-4197-8E65-B52298EA8764}.Release|Any CPU.Build.0 = Release|Any CPU
	EndGlobalSection
	GlobalSection(SolutionProperties) = preSolution
		HideSolutionNode = FALSE
	EndGlobalSection
	GlobalSection(ExtensibilityGlobals) = postSolution
		SolutionGuid = {C8EB0AC3-76D4-4A09-9E1D-0FF4270F88DC}
	EndGlobalSection
EndGlobal
